// !$*UTF8*$!
{
	archiveVersion = 1;
	classes = {
	};
	objectVersion = 56;
	objects = {

/* Begin PBXBuildFile section */
		DC2F41AF2AA5832D00B80C6D /* AppDelegate.swift in Sources */ = {isa = PBXBuildFile; fileRef = DC2F41AE2AA5832D00B80C6D /* AppDelegate.swift */; };
		DC2F41B12AA5832D00B80C6D /* SceneDelegate.swift in Sources */ = {isa = PBXBuildFile; fileRef = DC2F41B02AA5832D00B80C6D /* SceneDelegate.swift */; };
		DC2F41B32AA5832D00B80C6D /* ViewController.swift in Sources */ = {isa = PBXBuildFile; fileRef = DC2F41B22AA5832D00B80C6D /* ViewController.swift */; };
		DC2F41B62AA5832D00B80C6D /* Main.storyboard in Resources */ = {isa = PBXBuildFile; fileRef = DC2F41B42AA5832D00B80C6D /* Main.storyboard */; };
		DC2F41B82AA5832E00B80C6D /* Assets.xcassets in Resources */ = {isa = PBXBuildFile; fileRef = DC2F41B72AA5832E00B80C6D /* Assets.xcassets */; };
		DC2F41BB2AA5832E00B80C6D /* LaunchScreen.storyboard in Resources */ = {isa = PBXBuildFile; fileRef = DC2F41B92AA5832E00B80C6D /* LaunchScreen.storyboard */; };
		DC2F41C62AA5832E00B80C6D /* diaryTests.swift in Sources */ = {isa = PBXBuildFile; fileRef = DC2F41C52AA5832E00B80C6D /* diaryTests.swift */; };
		DC2F41D02AA5832E00B80C6D /* diaryUITests.swift in Sources */ = {isa = PBXBuildFile; fileRef = DC2F41CF2AA5832E00B80C6D /* diaryUITests.swift */; };
		DC2F41D22AA5832E00B80C6D /* diaryUITestsLaunchTests.swift in Sources */ = {isa = PBXBuildFile; fileRef = DC2F41D12AA5832E00B80C6D /* diaryUITestsLaunchTests.swift */; };
		DC2F41DF2AA5834000B80C6D /* readme.md in Resources */ = {isa = PBXBuildFile; fileRef = DC2F41DE2AA5834000B80C6D /* readme.md */; };
		DC5CBC3E2AA588BA0010BDD8 /* DiaryCell.swift in Sources */ = {isa = PBXBuildFile; fileRef = DC5CBC3D2AA588BA0010BDD8 /* DiaryCell.swift */; };
		DC5CBC402AA5890C0010BDD8 /* StarViewController.swift in Sources */ = {isa = PBXBuildFile; fileRef = DC5CBC3F2AA5890C0010BDD8 /* StarViewController.swift */; };
		DC5CBC422AA58A9E0010BDD8 /* StarCell.swift in Sources */ = {isa = PBXBuildFile; fileRef = DC5CBC412AA58A9E0010BDD8 /* StarCell.swift */; };
		DC5CBC442AA58CC30010BDD8 /* WriteDiaryViewController.swift in Sources */ = {isa = PBXBuildFile; fileRef = DC5CBC432AA58CC30010BDD8 /* WriteDiaryViewController.swift */; };
		DC5CBC462AA58D6D0010BDD8 /* DiaryDetailViewController.swift in Sources */ = {isa = PBXBuildFile; fileRef = DC5CBC452AA58D6D0010BDD8 /* DiaryDetailViewController.swift */; };
/* End PBXBuildFile section */

/* Begin PBXContainerItemProxy section */
		DC2F41C22AA5832E00B80C6D /* PBXContainerItemProxy */ = {
			isa = PBXContainerItemProxy;
			containerPortal = DC2F41A32AA5832D00B80C6D /* Project object */;
			proxyType = 1;
			remoteGlobalIDString = DC2F41AA2AA5832D00B80C6D;
			remoteInfo = diary;
		};
		DC2F41CC2AA5832E00B80C6D /* PBXContainerItemProxy */ = {
			isa = PBXContainerItemProxy;
			containerPortal = DC2F41A32AA5832D00B80C6D /* Project object */;
			proxyType = 1;
			remoteGlobalIDString = DC2F41AA2AA5832D00B80C6D;
			remoteInfo = diary;
		};
/* End PBXContainerItemProxy section */

/* Begin PBXFileReference section */
		DC2F41AB2AA5832D00B80C6D /* diary.app */ = {isa = PBXFileReference; explicitFileType = wrapper.application; includeInIndex = 0; path = diary.app; sourceTree = BUILT_PRODUCTS_DIR; };
		DC2F41AE2AA5832D00B80C6D /* AppDelegate.swift */ = {isa = PBXFileReference; lastKnownFileType = sourcecode.swift; path = AppDelegate.swift; sourceTree = "<group>"; };
		DC2F41B02AA5832D00B80C6D /* SceneDelegate.swift */ = {isa = PBXFileReference; lastKnownFileType = sourcecode.swift; path = SceneDelegate.swift; sourceTree = "<group>"; };
		DC2F41B22AA5832D00B80C6D /* ViewController.swift */ = {isa = PBXFileReference; lastKnownFileType = sourcecode.swift; path = ViewController.swift; sourceTree = "<group>"; };
		DC2F41B52AA5832D00B80C6D /* Base */ = {isa = PBXFileReference; lastKnownFileType = file.storyboard; name = Base; path = Base.lproj/Main.storyboard; sourceTree = "<group>"; };
		DC2F41B72AA5832E00B80C6D /* Assets.xcassets */ = {isa = PBXFileReference; lastKnownFileType = folder.assetcatalog; path = Assets.xcassets; sourceTree = "<group>"; };
		DC2F41BA2AA5832E00B80C6D /* Base */ = {isa = PBXFileReference; lastKnownFileType = file.storyboard; name = Base; path = Base.lproj/LaunchScreen.storyboard; sourceTree = "<group>"; };
		DC2F41BC2AA5832E00B80C6D /* Info.plist */ = {isa = PBXFileReference; lastKnownFileType = text.plist.xml; path = Info.plist; sourceTree = "<group>"; };
		DC2F41C12AA5832E00B80C6D /* diaryTests.xctest */ = {isa = PBXFileReference; explicitFileType = wrapper.cfbundle; includeInIndex = 0; path = diaryTests.xctest; sourceTree = BUILT_PRODUCTS_DIR; };
		DC2F41C52AA5832E00B80C6D /* diaryTests.swift */ = {isa = PBXFileReference; lastKnownFileType = sourcecode.swift; path = diaryTests.swift; sourceTree = "<group>"; };
		DC2F41CB2AA5832E00B80C6D /* diaryUITests.xctest */ = {isa = PBXFileReference; explicitFileType = wrapper.cfbundle; includeInIndex = 0; path = diaryUITests.xctest; sourceTree = BUILT_PRODUCTS_DIR; };
		DC2F41CF2AA5832E00B80C6D /* diaryUITests.swift */ = {isa = PBXFileReference; lastKnownFileType = sourcecode.swift; path = diaryUITests.swift; sourceTree = "<group>"; };
		DC2F41D12AA5832E00B80C6D /* diaryUITestsLaunchTests.swift */ = {isa = PBXFileReference; lastKnownFileType = sourcecode.swift; path = diaryUITestsLaunchTests.swift; sourceTree = "<group>"; };
		DC2F41DE2AA5834000B80C6D /* readme.md */ = {isa = PBXFileReference; fileEncoding = 4; lastKnownFileType = net.daringfireball.markdown; name = readme.md; path = "../swift-diary/readme.md"; sourceTree = "<group>"; };
		DC5CBC3D2AA588BA0010BDD8 /* DiaryCell.swift */ = {isa = PBXFileReference; lastKnownFileType = sourcecode.swift; path = DiaryCell.swift; sourceTree = "<group>"; };
		DC5CBC3F2AA5890C0010BDD8 /* StarViewController.swift */ = {isa = PBXFileReference; lastKnownFileType = sourcecode.swift; path = StarViewController.swift; sourceTree = "<group>"; };
		DC5CBC412AA58A9E0010BDD8 /* StarCell.swift */ = {isa = PBXFileReference; lastKnownFileType = sourcecode.swift; path = StarCell.swift; sourceTree = "<group>"; };
		DC5CBC432AA58CC30010BDD8 /* WriteDiaryViewController.swift */ = {isa = PBXFileReference; lastKnownFileType = sourcecode.swift; path = WriteDiaryViewController.swift; sourceTree = "<group>"; };
		DC5CBC452AA58D6D0010BDD8 /* DiaryDetailViewController.swift */ = {isa = PBXFileReference; lastKnownFileType = sourcecode.swift; path = DiaryDetailViewController.swift; sourceTree = "<group>"; };
/* End PBXFileReference section */

/* Begin PBXFrameworksBuildPhase section */
		DC2F41A82AA5832D00B80C6D /* Frameworks */ = {
			isa = PBXFrameworksBuildPhase;
			buildActionMask = 2147483647;
			files = (
			);
			runOnlyForDeploymentPostprocessing = 0;
		};
		DC2F41BE2AA5832E00B80C6D /* Frameworks */ = {
			isa = PBXFrameworksBuildPhase;
			buildActionMask = 2147483647;
			files = (
			);
			runOnlyForDeploymentPostprocessing = 0;
		};
		DC2F41C82AA5832E00B80C6D /* Frameworks */ = {
			isa = PBXFrameworksBuildPhase;
			buildActionMask = 2147483647;
			files = (
			);
			runOnlyForDeploymentPostprocessing = 0;
		};
/* End PBXFrameworksBuildPhase section */

/* Begin PBXGroup section */
		DC2F41A22AA5832D00B80C6D = {
			isa = PBXGroup;
			children = (
				DC2F41DE2AA5834000B80C6D /* readme.md */,
				DC2F41AD2AA5832D00B80C6D /* diary */,
				DC2F41C42AA5832E00B80C6D /* diaryTests */,
				DC2F41CE2AA5832E00B80C6D /* diaryUITests */,
				DC2F41AC2AA5832D00B80C6D /* Products */,
			);
			sourceTree = "<group>";
		};
		DC2F41AC2AA5832D00B80C6D /* Products */ = {
			isa = PBXGroup;
			children = (
				DC2F41AB2AA5832D00B80C6D /* diary.app */,
				DC2F41C12AA5832E00B80C6D /* diaryTests.xctest */,
				DC2F41CB2AA5832E00B80C6D /* diaryUITests.xctest */,
			);
			name = Products;
			sourceTree = "<group>";
		};
		DC2F41AD2AA5832D00B80C6D /* diary */ = {
			isa = PBXGroup;
			children = (
				DC2F41AE2AA5832D00B80C6D /* AppDelegate.swift */,
				DC2F41B02AA5832D00B80C6D /* SceneDelegate.swift */,
				DC2F41B22AA5832D00B80C6D /* ViewController.swift */,
				DC2F41B42AA5832D00B80C6D /* Main.storyboard */,
				DC2F41B72AA5832E00B80C6D /* Assets.xcassets */,
				DC2F41B92AA5832E00B80C6D /* LaunchScreen.storyboard */,
				DC2F41BC2AA5832E00B80C6D /* Info.plist */,
				DC5CBC3D2AA588BA0010BDD8 /* DiaryCell.swift */,
				DC5CBC3F2AA5890C0010BDD8 /* StarViewController.swift */,
				DC5CBC452AA58D6D0010BDD8 /* DiaryDetailViewController.swift */,
				DC5CBC412AA58A9E0010BDD8 /* StarCell.swift */,
				DC5CBC432AA58CC30010BDD8 /* WriteDiaryViewController.swift */,
			);
			path = diary;
			sourceTree = "<group>";
		};
		DC2F41C42AA5832E00B80C6D /* diaryTests */ = {
			isa = PBXGroup;
			children = (
				DC2F41C52AA5832E00B80C6D /* diaryTests.swift */,
			);
			path = diaryTests;
			sourceTree = "<group>";
		};
		DC2F41CE2AA5832E00B80C6D /* diaryUITests */ = {
			isa = PBXGroup;
			children = (
				DC2F41CF2AA5832E00B80C6D /* diaryUITests.swift */,
				DC2F41D12AA5832E00B80C6D /* diaryUITestsLaunchTests.swift */,
			);
			path = diaryUITests;
			sourceTree = "<group>";
		};
/* End PBXGroup section */

/* Begin PBXNativeTarget section */
		DC2F41AA2AA5832D00B80C6D /* diary */ = {
			isa = PBXNativeTarget;
			buildConfigurationList = DC2F41D52AA5832E00B80C6D /* Build configuration list for PBXNativeTarget "diary" */;
			buildPhases = (
				DC2F41A72AA5832D00B80C6D /* Sources */,
				DC2F41A82AA5832D00B80C6D /* Frameworks */,
				DC2F41A92AA5832D00B80C6D /* Resources */,
			);
			buildRules = (
			);
			dependencies = (
			);
			name = diary;
			productName = diary;
			productReference = DC2F41AB2AA5832D00B80C6D /* diary.app */;
			productType = "com.apple.product-type.application";
		};
		DC2F41C02AA5832E00B80C6D /* diaryTests */ = {
			isa = PBXNativeTarget;
			buildConfigurationList = DC2F41D82AA5832E00B80C6D /* Build configuration list for PBXNativeTarget "diaryTests" */;
			buildPhases = (
				DC2F41BD2AA5832E00B80C6D /* Sources */,
				DC2F41BE2AA5832E00B80C6D /* Frameworks */,
				DC2F41BF2AA5832E00B80C6D /* Resources */,
			);
			buildRules = (
			);
			dependencies = (
				DC2F41C32AA5832E00B80C6D /* PBXTargetDependency */,
			);
			name = diaryTests;
			productName = diaryTests;
			productReference = DC2F41C12AA5832E00B80C6D /* diaryTests.xctest */;
			productType = "com.apple.product-type.bundle.unit-test";
		};
		DC2F41CA2AA5832E00B80C6D /* diaryUITests */ = {
			isa = PBXNativeTarget;
			buildConfigurationList = DC2F41DB2AA5832E00B80C6D /* Build configuration list for PBXNativeTarget "diaryUITests" */;
			buildPhases = (
				DC2F41C72AA5832E00B80C6D /* Sources */,
				DC2F41C82AA5832E00B80C6D /* Frameworks */,
				DC2F41C92AA5832E00B80C6D /* Resources */,
			);
			buildRules = (
			);
			dependencies = (
				DC2F41CD2AA5832E00B80C6D /* PBXTargetDependency */,
			);
			name = diaryUITests;
			productName = diaryUITests;
			productReference = DC2F41CB2AA5832E00B80C6D /* diaryUITests.xctest */;
			productType = "com.apple.product-type.bundle.ui-testing";
		};
/* End PBXNativeTarget section */

/* Begin PBXProject section */
		DC2F41A32AA5832D00B80C6D /* Project object */ = {
			isa = PBXProject;
			attributes = {
				BuildIndependentTargetsInParallel = 1;
				LastSwiftUpdateCheck = 1430;
				LastUpgradeCheck = 1430;
				TargetAttributes = {
					DC2F41AA2AA5832D00B80C6D = {
						CreatedOnToolsVersion = 14.3.1;
					};
					DC2F41C02AA5832E00B80C6D = {
						CreatedOnToolsVersion = 14.3.1;
						TestTargetID = DC2F41AA2AA5832D00B80C6D;
					};
					DC2F41CA2AA5832E00B80C6D = {
						CreatedOnToolsVersion = 14.3.1;
						TestTargetID = DC2F41AA2AA5832D00B80C6D;
					};
				};
			};
			buildConfigurationList = DC2F41A62AA5832D00B80C6D /* Build configuration list for PBXProject "diary" */;
			compatibilityVersion = "Xcode 14.0";
			developmentRegion = en;
			hasScannedForEncodings = 0;
			knownRegions = (
				en,
				Base,
			);
			mainGroup = DC2F41A22AA5832D00B80C6D;
			productRefGroup = DC2F41AC2AA5832D00B80C6D /* Products */;
			projectDirPath = "";
			projectRoot = "";
			targets = (
				DC2F41AA2AA5832D00B80C6D /* diary */,
				DC2F41C02AA5832E00B80C6D /* diaryTests */,
				DC2F41CA2AA5832E00B80C6D /* diaryUITests */,
			);
		};
/* End PBXProject section */

/* Begin PBXResourcesBuildPhase section */
		DC2F41A92AA5832D00B80C6D /* Resources */ = {
			isa = PBXResourcesBuildPhase;
			buildActionMask = 2147483647;
			files = (
				DC2F41BB2AA5832E00B80C6D /* LaunchScreen.storyboard in Resources */,
				DC2F41B82AA5832E00B80C6D /* Assets.xcassets in Resources */,
				DC2F41DF2AA5834000B80C6D /* readme.md in Resources */,
				DC2F41B62AA5832D00B80C6D /* Main.storyboard in Resources */,
			);
			runOnlyForDeploymentPostprocessing = 0;
		};
		DC2F41BF2AA5832E00B80C6D /* Resources */ = {
			isa = PBXResourcesBuildPhase;
			buildActionMask = 2147483647;
			files = (
			);
			runOnlyForDeploymentPostprocessing = 0;
		};
		DC2F41C92AA5832E00B80C6D /* Resources */ = {
			isa = PBXResourcesBuildPhase;
			buildActionMask = 2147483647;
			files = (
			);
			runOnlyForDeploymentPostprocessing = 0;
		};
/* End PBXResourcesBuildPhase section */

/* Begin PBXSourcesBuildPhase section */
		DC2F41A72AA5832D00B80C6D /* Sources */ = {
			isa = PBXSourcesBuildPhase;
			buildActionMask = 2147483647;
			files = (
				DC2F41B32AA5832D00B80C6D /* ViewController.swift in Sources */,
				DC5CBC442AA58CC30010BDD8 /* WriteDiaryViewController.swift in Sources */,
				DC5CBC422AA58A9E0010BDD8 /* StarCell.swift in Sources */,
				DC2F41AF2AA5832D00B80C6D /* AppDelegate.swift in Sources */,
				DC2F41B12AA5832D00B80C6D /* SceneDelegate.swift in Sources */,
				DC5CBC462AA58D6D0010BDD8 /* DiaryDetailViewController.swift in Sources */,
				DC5CBC3E2AA588BA0010BDD8 /* DiaryCell.swift in Sources */,
				DC5CBC402AA5890C0010BDD8 /* StarViewController.swift in Sources */,
			);
			runOnlyForDeploymentPostprocessing = 0;
		};
		DC2F41BD2AA5832E00B80C6D /* Sources */ = {
			isa = PBXSourcesBuildPhase;
			buildActionMask = 2147483647;
			files = (
				DC2F41C62AA5832E00B80C6D /* diaryTests.swift in Sources */,
			);
			runOnlyForDeploymentPostprocessing = 0;
		};
		DC2F41C72AA5832E00B80C6D /* Sources */ = {
			isa = PBXSourcesBuildPhase;
			buildActionMask = 2147483647;
			files = (
				DC2F41D22AA5832E00B80C6D /* diaryUITestsLaunchTests.swift in Sources */,
				DC2F41D02AA5832E00B80C6D /* diaryUITests.swift in Sources */,
			);
			runOnlyForDeploymentPostprocessing = 0;
		};
/* End PBXSourcesBuildPhase section */

/* Begin PBXTargetDependency section */
		DC2F41C32AA5832E00B80C6D /* PBXTargetDependency */ = {
			isa = PBXTargetDependency;
			target = DC2F41AA2AA5832D00B80C6D /* diary */;
			targetProxy = DC2F41C22AA5832E00B80C6D /* PBXContainerItemProxy */;
		};
		DC2F41CD2AA5832E00B80C6D /* PBXTargetDependency */ = {
			isa = PBXTargetDependency;
			target = DC2F41AA2AA5832D00B80C6D /* diary */;
			targetProxy = DC2F41CC2AA5832E00B80C6D /* PBXContainerItemProxy */;
		};
/* End PBXTargetDependency section */

/* Begin PBXVariantGroup section */
		DC2F41B42AA5832D00B80C6D /* Main.storyboard */ = {
			isa = PBXVariantGroup;
			children = (
				DC2F41B52AA5832D00B80C6D /* Base */,
			);
			name = Main.storyboard;
			sourceTree = "<group>";
		};
		DC2F41B92AA5832E00B80C6D /* LaunchScreen.storyboard */ = {
			isa = PBXVariantGroup;
			children = (
				DC2F41BA2AA5832E00B80C6D /* Base */,
			);
			name = LaunchScreen.storyboard;
			sourceTree = "<group>";
		};
/* End PBXVariantGroup section */

/* Begin XCBuildConfiguration section */
		DC2F41D32AA5832E00B80C6D /* Debug */ = {
			isa = XCBuildConfiguration;
			buildSettings = {
				ALWAYS_SEARCH_USER_PATHS = NO;
				CLANG_ANALYZER_NONNULL = YES;
				CLANG_ANALYZER_NUMBER_OBJECT_CONVERSION = YES_AGGRESSIVE;
				CLANG_CXX_LANGUAGE_STANDARD = "gnu++20";
				CLANG_ENABLE_MODULES = YES;
				CLANG_ENABLE_OBJC_ARC = YES;
				CLANG_ENABLE_OBJC_WEAK = YES;
				CLANG_WARN_BLOCK_CAPTURE_AUTORELEASING = YES;
				CLANG_WARN_BOOL_CONVERSION = YES;
				CLANG_WARN_COMMA = YES;
				CLANG_WARN_CONSTANT_CONVERSION = YES;
				CLANG_WARN_DEPRECATED_OBJC_IMPLEMENTATIONS = YES;
				CLANG_WARN_DIRECT_OBJC_ISA_USAGE = YES_ERROR;
				CLANG_WARN_DOCUMENTATION_COMMENTS = YES;
				CLANG_WARN_EMPTY_BODY = YES;
				CLANG_WARN_ENUM_CONVERSION = YES;
				CLANG_WARN_INFINITE_RECURSION = YES;
				CLANG_WARN_INT_CONVERSION = YES;
				CLANG_WARN_NON_LITERAL_NULL_CONVERSION = YES;
				CLANG_WARN_OBJC_IMPLICIT_RETAIN_SELF = YES;
				CLANG_WARN_OBJC_LITERAL_CONVERSION = YES;
				CLANG_WARN_OBJC_ROOT_CLASS = YES_ERROR;
				CLANG_WARN_QUOTED_INCLUDE_IN_FRAMEWORK_HEADER = YES;
				CLANG_WARN_RANGE_LOOP_ANALYSIS = YES;
				CLANG_WARN_STRICT_PROTOTYPES = YES;
				CLANG_WARN_SUSPICIOUS_MOVE = YES;
				CLANG_WARN_UNGUARDED_AVAILABILITY = YES_AGGRESSIVE;
				CLANG_WARN_UNREACHABLE_CODE = YES;
				CLANG_WARN__DUPLICATE_METHOD_MATCH = YES;
				COPY_PHASE_STRIP = NO;
				DEBUG_INFORMATION_FORMAT = dwarf;
				ENABLE_STRICT_OBJC_MSGSEND = YES;
				ENABLE_TESTABILITY = YES;
				GCC_C_LANGUAGE_STANDARD = gnu11;
				GCC_DYNAMIC_NO_PIC = NO;
				GCC_NO_COMMON_BLOCKS = YES;
				GCC_OPTIMIZATION_LEVEL = 0;
				GCC_PREPROCESSOR_DEFINITIONS = (
					"DEBUG=1",
					"$(inherited)",
				);
				GCC_WARN_64_TO_32_BIT_CONVERSION = YES;
				GCC_WARN_ABOUT_RETURN_TYPE = YES_ERROR;
				GCC_WARN_UNDECLARED_SELECTOR = YES;
				GCC_WARN_UNINITIALIZED_AUTOS = YES_AGGRESSIVE;
				GCC_WARN_UNUSED_FUNCTION = YES;
				GCC_WARN_UNUSED_VARIABLE = YES;
				IPHONEOS_DEPLOYMENT_TARGET = 16.4;
				MTL_ENABLE_DEBUG_INFO = INCLUDE_SOURCE;
				MTL_FAST_MATH = YES;
				ONLY_ACTIVE_ARCH = YES;
				SDKROOT = iphoneos;
				SWIFT_ACTIVE_COMPILATION_CONDITIONS = DEBUG;
				SWIFT_OPTIMIZATION_LEVEL = "-Onone";
			};
			name = Debug;
		};
		DC2F41D42AA5832E00B80C6D /* Release */ = {
			isa = XCBuildConfiguration;
			buildSettings = {
				ALWAYS_SEARCH_USER_PATHS = NO;
				CLANG_ANALYZER_NONNULL = YES;
				CLANG_ANALYZER_NUMBER_OBJECT_CONVERSION = YES_AGGRESSIVE;
				CLANG_CXX_LANGUAGE_STANDARD = "gnu++20";
				CLANG_ENABLE_MODULES = YES;
				CLANG_ENABLE_OBJC_ARC = YES;
				CLANG_ENABLE_OBJC_WEAK = YES;
				CLANG_WARN_BLOCK_CAPTURE_AUTORELEASING = YES;
				CLANG_WARN_BOOL_CONVERSION = YES;
				CLANG_WARN_COMMA = YES;
				CLANG_WARN_CONSTANT_CONVERSION = YES;
				CLANG_WARN_DEPRECATED_OBJC_IMPLEMENTATIONS = YES;
				CLANG_WARN_DIRECT_OBJC_ISA_USAGE = YES_ERROR;
				CLANG_WARN_DOCUMENTATION_COMMENTS = YES;
				CLANG_WARN_EMPTY_BODY = YES;
				CLANG_WARN_ENUM_CONVERSION = YES;
				CLANG_WARN_INFINITE_RECURSION = YES;
				CLANG_WARN_INT_CONVERSION = YES;
				CLANG_WARN_NON_LITERAL_NULL_CONVERSION = YES;
				CLANG_WARN_OBJC_IMPLICIT_RETAIN_SELF = YES;
				CLANG_WARN_OBJC_LITERAL_CONVERSION = YES;
				CLANG_WARN_OBJC_ROOT_CLASS = YES_ERROR;
				CLANG_WARN_QUOTED_INCLUDE_IN_FRAMEWORK_HEADER = YES;
				CLANG_WARN_RANGE_LOOP_ANALYSIS = YES;
				CLANG_WARN_STRICT_PROTOTYPES = YES;
				CLANG_WARN_SUSPICIOUS_MOVE = YES;
				CLANG_WARN_UNGUARDED_AVAILABILITY = YES_AGGRESSIVE;
				CLANG_WARN_UNREACHABLE_CODE = YES;
				CLANG_WARN__DUPLICATE_METHOD_MATCH = YES;
				COPY_PHASE_STRIP = NO;
				DEBUG_INFORMATION_FORMAT = "dwarf-with-dsym";
				ENABLE_NS_ASSERTIONS = NO;
				ENABLE_STRICT_OBJC_MSGSEND = YES;
				GCC_C_LANGUAGE_STANDARD = gnu11;
				GCC_NO_COMMON_BLOCKS = YES;
				GCC_WARN_64_TO_32_BIT_CONVERSION = YES;
				GCC_WARN_ABOUT_RETURN_TYPE = YES_ERROR;
				GCC_WARN_UNDECLARED_SELECTOR = YES;
				GCC_WARN_UNINITIALIZED_AUTOS = YES_AGGRESSIVE;
				GCC_WARN_UNUSED_FUNCTION = YES;
				GCC_WARN_UNUSED_VARIABLE = YES;
				IPHONEOS_DEPLOYMENT_TARGET = 16.4;
				MTL_ENABLE_DEBUG_INFO = NO;
				MTL_FAST_MATH = YES;
				SDKROOT = iphoneos;
				SWIFT_COMPILATION_MODE = wholemodule;
				SWIFT_OPTIMIZATION_LEVEL = "-O";
				VALIDATE_PRODUCT = YES;
			};
			name = Release;
		};
		DC2F41D62AA5832E00B80C6D /* Debug */ = {
			isa = XCBuildConfiguration;
			buildSettings = {
				ASSETCATALOG_COMPILER_APPICON_NAME = AppIcon;
				ASSETCATALOG_COMPILER_GLOBAL_ACCENT_COLOR_NAME = AccentColor;
				CODE_SIGN_STYLE = Automatic;
				CURRENT_PROJECT_VERSION = 1;
				DEVELOPMENT_TEAM = 3WLFLJ2ND8;
				GENERATE_INFOPLIST_FILE = YES;
				INFOPLIST_FILE = diary/Info.plist;
				INFOPLIST_KEY_UIApplicationSupportsIndirectInputEvents = YES;
				INFOPLIST_KEY_UILaunchStoryboardName = LaunchScreen;
				INFOPLIST_KEY_UIMainStoryboardFile = Main;
				INFOPLIST_KEY_UISupportedInterfaceOrientations_iPad = "UIInterfaceOrientationPortrait UIInterfaceOrientationPortraitUpsideDown UIInterfaceOrientationLandscapeLeft UIInterfaceOrientationLandscapeRight";
				INFOPLIST_KEY_UISupportedInterfaceOrientations_iPhone = "UIInterfaceOrientationPortrait UIInterfaceOrientationLandscapeLeft UIInterfaceOrientationLandscapeRight";
				LD_RUNPATH_SEARCH_PATHS = (
					"$(inherited)",
					"@executable_path/Frameworks",
				);
				MARKETING_VERSION = 1.0;
				PRODUCT_BUNDLE_IDENTIFIER = "kay-park.diary";
				PRODUCT_NAME = "$(TARGET_NAME)";
				SWIFT_EMIT_LOC_STRINGS = YES;
				SWIFT_VERSION = 5.0;
				TARGETED_DEVICE_FAMILY = "1,2";
			};
			name = Debug;
		};
		DC2F41D72AA5832E00B80C6D /* Release */ = {
			isa = XCBuildConfiguration;
			buildSettings = {
				ASSETCATALOG_COMPILER_APPICON_NAME = AppIcon;
				ASSETCATALOG_COMPILER_GLOBAL_ACCENT_COLOR_NAME = AccentColor;
				CODE_SIGN_STYLE = Automatic;
				CURRENT_PROJECT_VERSION = 1;
				DEVELOPMENT_TEAM = 3WLFLJ2ND8;
				GENERATE_INFOPLIST_FILE = YES;
				INFOPLIST_FILE = diary/Info.plist;
				INFOPLIST_KEY_UIApplicationSupportsIndirectInputEvents = YES;
				INFOPLIST_KEY_UILaunchStoryboardName = LaunchScreen;
				INFOPLIST_KEY_UIMainStoryboardFile = Main;
				INFOPLIST_KEY_UISupportedInterfaceOrientations_iPad = "UIInterfaceOrientationPortrait UIInterfaceOrientationPortraitUpsideDown UIInterfaceOrientationLandscapeLeft UIInterfaceOrientationLandscapeRight";
				INFOPLIST_KEY_UISupportedInterfaceOrientations_iPhone = "UIInterfaceOrientationPortrait UIInterfaceOrientationLandscapeLeft UIInterfaceOrientationLandscapeRight";
				LD_RUNPATH_SEARCH_PATHS = (
					"$(inherited)",
					"@executable_path/Frameworks",
				);
				MARKETING_VERSION = 1.0;
				PRODUCT_BUNDLE_IDENTIFIER = "kay-park.diary";
				PRODUCT_NAME = "$(TARGET_NAME)";
				SWIFT_EMIT_LOC_STRINGS = YES;
				SWIFT_VERSION = 5.0;
				TARGETED_DEVICE_FAMILY = "1,2";
			};
			name = Release;
		};
		DC2F41D92AA5832E00B80C6D /* Debug */ = {
			isa = XCBuildConfiguration;
			buildSettings = {
				ALWAYS_EMBED_SWIFT_STANDARD_LIBRARIES = YES;
				BUNDLE_LOADER = "$(TEST_HOST)";
				CODE_SIGN_STYLE = Automatic;
				CURRENT_PROJECT_VERSION = 1;
				DEVELOPMENT_TEAM = 3WLFLJ2ND8;
				GENERATE_INFOPLIST_FILE = YES;
				IPHONEOS_DEPLOYMENT_TARGET = 16.4;
				MARKETING_VERSION = 1.0;
				PRODUCT_BUNDLE_IDENTIFIER = "kay-park.diaryTests";
				PRODUCT_NAME = "$(TARGET_NAME)";
				SWIFT_EMIT_LOC_STRINGS = NO;
				SWIFT_VERSION = 5.0;
				TARGETED_DEVICE_FAMILY = "1,2";
				TEST_HOST = "$(BUILT_PRODUCTS_DIR)/diary.app/$(BUNDLE_EXECUTABLE_FOLDER_PATH)/diary";
			};
			name = Debug;
		};
		DC2F41DA2AA5832E00B80C6D /* Release */ = {
			isa = XCBuildConfiguration;
			buildSettings = {
				ALWAYS_EMBED_SWIFT_STANDARD_LIBRARIES = YES;
				BUNDLE_LOADER = "$(TEST_HOST)";
				CODE_SIGN_STYLE = Automatic;
				CURRENT_PROJECT_VERSION = 1;
				DEVELOPMENT_TEAM = 3WLFLJ2ND8;
				GENERATE_INFOPLIST_FILE = YES;
				IPHONEOS_DEPLOYMENT_TARGET = 16.4;
				MARKETING_VERSION = 1.0;
				PRODUCT_BUNDLE_IDENTIFIER = "kay-park.diaryTests";
				PRODUCT_NAME = "$(TARGET_NAME)";
				SWIFT_EMIT_LOC_STRINGS = NO;
				SWIFT_VERSION = 5.0;
				TARGETED_DEVICE_FAMILY = "1,2";
				TEST_HOST = "$(BUILT_PRODUCTS_DIR)/diary.app/$(BUNDLE_EXECUTABLE_FOLDER_PATH)/diary";
			};
			name = Release;
		};
		DC2F41DC2AA5832E00B80C6D /* Debug */ = {
			isa = XCBuildConfiguration;
			buildSettings = {
				ALWAYS_EMBED_SWIFT_STANDARD_LIBRARIES = YES;
				CODE_SIGN_STYLE = Automatic;
				CURRENT_PROJECT_VERSION = 1;
				DEVELOPMENT_TEAM = 3WLFLJ2ND8;
				GENERATE_INFOPLIST_FILE = YES;
				MARKETING_VERSION = 1.0;
				PRODUCT_BUNDLE_IDENTIFIER = "kay-park.diaryUITests";
				PRODUCT_NAME = "$(TARGET_NAME)";
				SWIFT_EMIT_LOC_STRINGS = NO;
				SWIFT_VERSION = 5.0;
				TARGETED_DEVICE_FAMILY = "1,2";
				TEST_TARGET_NAME = diary;
			};
			name = Debug;
		};
		DC2F41DD2AA5832E00B80C6D /* Release */ = {
			isa = XCBuildConfiguration;
			buildSettings = {
				ALWAYS_EMBED_SWIFT_STANDARD_LIBRARIES = YES;
				CODE_SIGN_STYLE = Automatic;
				CURRENT_PROJECT_VERSION = 1;
				DEVELOPMENT_TEAM = 3WLFLJ2ND8;
				GENERATE_INFOPLIST_FILE = YES;
				MARKETING_VERSION = 1.0;
				PRODUCT_BUNDLE_IDENTIFIER = "kay-park.diaryUITests";
				PRODUCT_NAME = "$(TARGET_NAME)";
				SWIFT_EMIT_LOC_STRINGS = NO;
				SWIFT_VERSION = 5.0;
				TARGETED_DEVICE_FAMILY = "1,2";
				TEST_TARGET_NAME = diary;
			};
			name = Release;
		};
/* End XCBuildConfiguration section */

/* Begin XCConfigurationList section */
		DC2F41A62AA5832D00B80C6D /* Build configuration list for PBXProject "diary" */ = {
			isa = XCConfigurationList;
			buildConfigurations = (
				DC2F41D32AA5832E00B80C6D /* Debug */,
				DC2F41D42AA5832E00B80C6D /* Release */,
			);
			defaultConfigurationIsVisible = 0;
			defaultConfigurationName = Release;
		};
		DC2F41D52AA5832E00B80C6D /* Build configuration list for PBXNativeTarget "diary" */ = {
			isa = XCConfigurationList;
			buildConfigurations = (
				DC2F41D62AA5832E00B80C6D /* Debug */,
				DC2F41D72AA5832E00B80C6D /* Release */,
			);
			defaultConfigurationIsVisible = 0;
			defaultConfigurationName = Release;
		};
		DC2F41D82AA5832E00B80C6D /* Build configuration list for PBXNativeTarget "diaryTests" */ = {
			isa = XCConfigurationList;
			buildConfigurations = (
				DC2F41D92AA5832E00B80C6D /* Debug */,
				DC2F41DA2AA5832E00B80C6D /* Release */,
			);
			defaultConfigurationIsVisible = 0;
			defaultConfigurationName = Release;
		};
		DC2F41DB2AA5832E00B80C6D /* Build configuration list for PBXNativeTarget "diaryUITests" */ = {
			isa = XCConfigurationList;
			buildConfigurations = (
				DC2F41DC2AA5832E00B80C6D /* Debug */,
				DC2F41DD2AA5832E00B80C6D /* Release */,
			);
			defaultConfigurationIsVisible = 0;
			defaultConfigurationName = Release;
		};
/* End XCConfigurationList section */
	};
	rootObject = DC2F41A32AA5832D00B80C6D /* Project object */;
}
